%{"earmark": {:hex, :earmark, "0.1.19", "ffec54f520a11b711532c23d8a52b75a74c09697062d10613fa2dbdf8a9db36e", [], [], "hexpm"},
  "elixir_drawille": {:hex, :elixir_drawille, "0.0.3", "de19c5b042b987df68ae18182c30ab1b6e050cb91547e57e111720a158c80e2f", [], [{:earmark, "~> 0.1.19", [hex: :earmark, repo: "hexpm", optional: false]}, {:ex_doc, "~> 0.10.0", [hex: :ex_doc, repo: "hexpm", optional: false]}], "hexpm"},
  "ex_doc": {:hex, :ex_doc, "0.10.0", "f49c237250b829df986486b38f043e6f8e19d19b41101987f7214543f75947ec", [], [{:earmark, "~> 0.1.17 or ~> 0.2", [hex: :earmark, repo: "hexpm", optional: true]}], "hexpm"}}
